
Microsoft Visual Studio Solution File, Format Version 12.00
# Visual Studio Version 17
VisualStudioVersion = 17.5.002.0
MinimumVisualStudioVersion = 10.0.40219.1
Project("{9A19103F-16F7-4668-BE54-9A1E7A4F7556}") = "UI", "UI\UI.csproj", "{DC38BA90-9795-44A4-9050-E230B3E10B82}"
EndProject
Global
	GlobalSection(SolutionConfigurationPlatforms) = preSolution
		Debug|Any CPU = Debug|Any CPU
		Release|Any CPU = Release|Any CPU
	EndGlobalSection
	GlobalSection(ProjectConfigurationPlatforms) = postSolution
		{DC38BA90-9795-44A4-9050-E230B3E10B82}.Debug|Any CPU.ActiveCfg = Debug|Any CPU
		{DC38BA90-9795-44A4-9050-E230B3E10B82}.Debug|Any CPU.Build.0 = Debug|Any CPU
		{DC38BA90-9795-44A4-9050-E230B3E10B82}.Release|Any CPU.ActiveCfg = Release|Any CPU
		{DC38BA90-9795-44A4-9050-E230B3E10B82}.Release|Any CPU.Build.0 = Release|Any CPU
	EndGlobalSection
	GlobalSection(SolutionProperties) = preSolution
		HideSolutionNode = FALSE
	EndGlobalSection
	GlobalSection(ExtensibilityGlobals) = postSolution
		SolutionGuid = {F8FBDDDB-B929-43C1-80C7-60686417D780}
	EndGlobalSection
EndGlobal
